// !$*UTF8*$!
{
	archiveVersion = 1;
	classes = {
	};
	objectVersion = 56;
	objects = {

/* Begin PBXBuildFile section */
		B3F425A92A8773D200CFD8FC /* SSOTPPinView.framework in Frameworks */ = {isa = PBXBuildFile; fileRef = B3F4259E2A8773D200CFD8FC /* SSOTPPinView.framework */; };
		B3F425AE2A8773D200CFD8FC /* SSOTPPinViewTests.swift in Sources */ = {isa = PBXBuildFile; fileRef = B3F425AD2A8773D200CFD8FC /* SSOTPPinViewTests.swift */; };
		B3F425AF2A8773D200CFD8FC /* SSOTPPinView.h in Headers */ = {isa = PBXBuildFile; fileRef = B3F425A12A8773D200CFD8FC /* SSOTPPinView.h */; settings = {ATTRIBUTES = (Public, ); }; };
		B3F425BF2A87747500CFD8FC /* ExampleApp.swift in Sources */ = {isa = PBXBuildFile; fileRef = B3F425BE2A87747500CFD8FC /* ExampleApp.swift */; };
		B3F425C12A87747500CFD8FC /* ContentView.swift in Sources */ = {isa = PBXBuildFile; fileRef = B3F425C02A87747500CFD8FC /* ContentView.swift */; };
		B3F425C32A87747500CFD8FC /* Assets.xcassets in Resources */ = {isa = PBXBuildFile; fileRef = B3F425C22A87747500CFD8FC /* Assets.xcassets */; };
		B3F425C62A87747500CFD8FC /* Preview Assets.xcassets in Resources */ = {isa = PBXBuildFile; fileRef = B3F425C52A87747500CFD8FC /* Preview Assets.xcassets */; };
		B3F425CC2A8774F300CFD8FC /* SSOTPPinView.swift in Sources */ = {isa = PBXBuildFile; fileRef = B3F425CB2A8774F300CFD8FC /* SSOTPPinView.swift */; };
/* End PBXBuildFile section */

/* Begin PBXContainerItemProxy section */
		B3F425AA2A8773D200CFD8FC /* PBXContainerItemProxy */ = {
			isa = PBXContainerItemProxy;
			containerPortal = B3F425952A8773D200CFD8FC /* Project object */;
			proxyType = 1;
			remoteGlobalIDString = B3F4259D2A8773D200CFD8FC;
			remoteInfo = SSOTPPinView;
		};
/* End PBXContainerItemProxy section */

/* Begin PBXFileReference section */
		B3F4259E2A8773D200CFD8FC /* SSOTPPinView.framework */ = {isa = PBXFileReference; explicitFileType = wrapper.framework; includeInIndex = 0; path = SSOTPPinView.framework; sourceTree = BUILT_PRODUCTS_DIR; };
		B3F425A12A8773D200CFD8FC /* SSOTPPinView.h */ = {isa = PBXFileReference; lastKnownFileType = sourcecode.c.h; path = SSOTPPinView.h; sourceTree = "<group>"; };
		B3F425A82A8773D200CFD8FC /* SSOTPPinViewTests.xctest */ = {isa = PBXFileReference; explicitFileType = wrapper.cfbundle; includeInIndex = 0; path = SSOTPPinViewTests.xctest; sourceTree = BUILT_PRODUCTS_DIR; };
		B3F425AD2A8773D200CFD8FC /* SSOTPPinViewTests.swift */ = {isa = PBXFileReference; lastKnownFileType = sourcecode.swift; path = SSOTPPinViewTests.swift; sourceTree = "<group>"; };
		B3F425BC2A87747500CFD8FC /* Example.app */ = {isa = PBXFileReference; explicitFileType = wrapper.application; includeInIndex = 0; path = Example.app; sourceTree = BUILT_PRODUCTS_DIR; };
		B3F425BE2A87747500CFD8FC /* ExampleApp.swift */ = {isa = PBXFileReference; lastKnownFileType = sourcecode.swift; path = ExampleApp.swift; sourceTree = "<group>"; };
		B3F425C02A87747500CFD8FC /* ContentView.swift */ = {isa = PBXFileReference; lastKnownFileType = sourcecode.swift; path = ContentView.swift; sourceTree = "<group>"; };
		B3F425C22A87747500CFD8FC /* Assets.xcassets */ = {isa = PBXFileReference; lastKnownFileType = folder.assetcatalog; path = Assets.xcassets; sourceTree = "<group>"; };
		B3F425C52A87747500CFD8FC /* Preview Assets.xcassets */ = {isa = PBXFileReference; lastKnownFileType = folder.assetcatalog; path = "Preview Assets.xcassets"; sourceTree = "<group>"; };
		B3F425CB2A8774F300CFD8FC /* SSOTPPinView.swift */ = {isa = PBXFileReference; lastKnownFileType = sourcecode.swift; path = SSOTPPinView.swift; sourceTree = "<group>"; };
/* End PBXFileReference section */

/* Begin PBXFrameworksBuildPhase section */
		B3F4259B2A8773D200CFD8FC /* Frameworks */ = {
			isa = PBXFrameworksBuildPhase;
			buildActionMask = 2147483647;
			files = (
			);
			runOnlyForDeploymentPostprocessing = 0;
		};
		B3F425A52A8773D200CFD8FC /* Frameworks */ = {
			isa = PBXFrameworksBuildPhase;
			buildActionMask = 2147483647;
			files = (
				B3F425A92A8773D200CFD8FC /* SSOTPPinView.framework in Frameworks */,
			);
			runOnlyForDeploymentPostprocessing = 0;
		};
		B3F425B92A87747500CFD8FC /* Frameworks */ = {
			isa = PBXFrameworksBuildPhase;
			buildActionMask = 2147483647;
			files = (
			);
			runOnlyForDeploymentPostprocessing = 0;
		};
/* End PBXFrameworksBuildPhase section */

/* Begin PBXGroup section */
		B3F425942A8773D200CFD8FC = {
			isa = PBXGroup;
			children = (
				B3F425BD2A87747500CFD8FC /* Example */,
				B3F425A02A8773D200CFD8FC /* SSOTPPinView */,
				B3F425AC2A8773D200CFD8FC /* SSOTPPinViewTests */,
				B3F4259F2A8773D200CFD8FC /* Products */,
			);
			sourceTree = "<group>";
		};
		B3F4259F2A8773D200CFD8FC /* Products */ = {
			isa = PBXGroup;
			children = (
				B3F4259E2A8773D200CFD8FC /* SSOTPPinView.framework */,
				B3F425A82A8773D200CFD8FC /* SSOTPPinViewTests.xctest */,
				B3F425BC2A87747500CFD8FC /* Example.app */,
			);
			name = Products;
			sourceTree = "<group>";
		};
		B3F425A02A8773D200CFD8FC /* SSOTPPinView */ = {
			isa = PBXGroup;
			children = (
				B3F425CA2A8774E100CFD8FC /* Source */,
				B3F425A12A8773D200CFD8FC /* SSOTPPinView.h */,
			);
			path = SSOTPPinView;
			sourceTree = "<group>";
		};
		B3F425AC2A8773D200CFD8FC /* SSOTPPinViewTests */ = {
			isa = PBXGroup;
			children = (
				B3F425AD2A8773D200CFD8FC /* SSOTPPinViewTests.swift */,
			);
			path = SSOTPPinViewTests;
			sourceTree = "<group>";
		};
		B3F425BD2A87747500CFD8FC /* Example */ = {
			isa = PBXGroup;
			children = (
				B3F425BE2A87747500CFD8FC /* ExampleApp.swift */,
				B3F425C02A87747500CFD8FC /* ContentView.swift */,
				B3F425C22A87747500CFD8FC /* Assets.xcassets */,
				B3F425C42A87747500CFD8FC /* Preview Content */,
			);
			path = Example;
			sourceTree = "<group>";
		};
		B3F425C42A87747500CFD8FC /* Preview Content */ = {
			isa = PBXGroup;
			children = (
				B3F425C52A87747500CFD8FC /* Preview Assets.xcassets */,
			);
			path = "Preview Content";
			sourceTree = "<group>";
		};
		B3F425CA2A8774E100CFD8FC /* Source */ = {
			isa = PBXGroup;
			children = (
				B3F425CB2A8774F300CFD8FC /* SSOTPPinView.swift */,
			);
			path = Source;
			sourceTree = "<group>";
		};
/* End PBXGroup section */

/* Begin PBXHeadersBuildPhase section */
		B3F425992A8773D200CFD8FC /* Headers */ = {
			isa = PBXHeadersBuildPhase;
			buildActionMask = 2147483647;
			files = (
				B3F425AF2A8773D200CFD8FC /* SSOTPPinView.h in Headers */,
			);
			runOnlyForDeploymentPostprocessing = 0;
		};
/* End PBXHeadersBuildPhase section */

/* Begin PBXNativeTarget section */
		B3F4259D2A8773D200CFD8FC /* SSOTPPinView */ = {
			isa = PBXNativeTarget;
			buildConfigurationList = B3F425B22A8773D200CFD8FC /* Build configuration list for PBXNativeTarget "SSOTPPinView" */;
			buildPhases = (
				B3F425992A8773D200CFD8FC /* Headers */,
				B3F4259A2A8773D200CFD8FC /* Sources */,
				B3F4259B2A8773D200CFD8FC /* Frameworks */,
				B3F4259C2A8773D200CFD8FC /* Resources */,
			);
			buildRules = (
			);
			dependencies = (
			);
			name = SSOTPPinView;
			productName = SSOTPPinView;
			productReference = B3F4259E2A8773D200CFD8FC /* SSOTPPinView.framework */;
			productType = "com.apple.product-type.framework";
		};
		B3F425A72A8773D200CFD8FC /* SSOTPPinViewTests */ = {
			isa = PBXNativeTarget;
			buildConfigurationList = B3F425B52A8773D200CFD8FC /* Build configuration list for PBXNativeTarget "SSOTPPinViewTests" */;
			buildPhases = (
				B3F425A42A8773D200CFD8FC /* Sources */,
				B3F425A52A8773D200CFD8FC /* Frameworks */,
				B3F425A62A8773D200CFD8FC /* Resources */,
			);
			buildRules = (
			);
			dependencies = (
				B3F425AB2A8773D200CFD8FC /* PBXTargetDependency */,
			);
			name = SSOTPPinViewTests;
			productName = SSOTPPinViewTests;
			productReference = B3F425A82A8773D200CFD8FC /* SSOTPPinViewTests.xctest */;
			productType = "com.apple.product-type.bundle.unit-test";
		};
		B3F425BB2A87747500CFD8FC /* Example */ = {
			isa = PBXNativeTarget;
			buildConfigurationList = B3F425C72A87747500CFD8FC /* Build configuration list for PBXNativeTarget "Example" */;
			buildPhases = (
				B3F425B82A87747500CFD8FC /* Sources */,
				B3F425B92A87747500CFD8FC /* Frameworks */,
				B3F425BA2A87747500CFD8FC /* Resources */,
			);
			buildRules = (
			);
			dependencies = (
			);
			name = Example;
			productName = Example;
			productReference = B3F425BC2A87747500CFD8FC /* Example.app */;
			productType = "com.apple.product-type.application";
		};
/* End PBXNativeTarget section */

/* Begin PBXProject section */
		B3F425952A8773D200CFD8FC /* Project object */ = {
			isa = PBXProject;
			attributes = {
				BuildIndependentTargetsInParallel = 1;
				LastSwiftUpdateCheck = 1430;
				LastUpgradeCheck = 1430;
				TargetAttributes = {
					B3F4259D2A8773D200CFD8FC = {
						CreatedOnToolsVersion = 14.3.1;
						LastSwiftMigration = 1430;
					};
					B3F425A72A8773D200CFD8FC = {
						CreatedOnToolsVersion = 14.3.1;
					};
					B3F425BB2A87747500CFD8FC = {
						CreatedOnToolsVersion = 14.3.1;
					};
				};
			};
			buildConfigurationList = B3F425982A8773D200CFD8FC /* Build configuration list for PBXProject "SSOTPPinView" */;
			compatibilityVersion = "Xcode 14.0";
			developmentRegion = en;
			hasScannedForEncodings = 0;
			knownRegions = (
				en,
				Base,
			);
			mainGroup = B3F425942A8773D200CFD8FC;
			productRefGroup = B3F4259F2A8773D200CFD8FC /* Products */;
			projectDirPath = "";
			projectRoot = "";
			targets = (
				B3F4259D2A8773D200CFD8FC /* SSOTPPinView */,
				B3F425A72A8773D200CFD8FC /* SSOTPPinViewTests */,
				B3F425BB2A87747500CFD8FC /* Example */,
			);
		};
/* End PBXProject section */

/* Begin PBXResourcesBuildPhase section */
		B3F4259C2A8773D200CFD8FC /* Resources */ = {
			isa = PBXResourcesBuildPhase;
			buildActionMask = 2147483647;
			files = (
			);
			runOnlyForDeploymentPostprocessing = 0;
		};
		B3F425A62A8773D200CFD8FC /* Resources */ = {
			isa = PBXResourcesBuildPhase;
			buildActionMask = 2147483647;
			files = (
			);
			runOnlyForDeploymentPostprocessing = 0;
		};
		B3F425BA2A87747500CFD8FC /* Resources */ = {
			isa = PBXResourcesBuildPhase;
			buildActionMask = 2147483647;
			files = (
				B3F425C62A87747500CFD8FC /* Preview Assets.xcassets in Resources */,
				B3F425C32A87747500CFD8FC /* Assets.xcassets in Resources */,
			);
			runOnlyForDeploymentPostprocessing = 0;
		};
/* End PBXResourcesBuildPhase section */

/* Begin PBXSourcesBuildPhase section */
		B3F4259A2A8773D200CFD8FC /* Sources */ = {
			isa = PBXSourcesBuildPhase;
			buildActionMask = 2147483647;
			files = (
				B3F425CC2A8774F300CFD8FC /* SSOTPPinView.swift in Sources */,
			);
			runOnlyForDeploymentPostprocessing = 0;
		};
		B3F425A42A8773D200CFD8FC /* Sources */ = {
			isa = PBXSourcesBuildPhase;
			buildActionMask = 2147483647;
			files = (
				B3F425AE2A8773D200CFD8FC /* SSOTPPinViewTests.swift in Sources */,
			);
			runOnlyForDeploymentPostprocessing = 0;
		};
		B3F425B82A87747500CFD8FC /* Sources */ = {
			isa = PBXSourcesBuildPhase;
			buildActionMask = 2147483647;
			files = (
				B3F425C12A87747500CFD8FC /* ContentView.swift in Sources */,
				B3F425BF2A87747500CFD8FC /* ExampleApp.swift in Sources */,
			);
			runOnlyForDeploymentPostprocessing = 0;
		};
/* End PBXSourcesBuildPhase section */

/* Begin PBXTargetDependency section */
		B3F425AB2A8773D200CFD8FC /* PBXTargetDependency */ = {
			isa = PBXTargetDependency;
			target = B3F4259D2A8773D200CFD8FC /* SSOTPPinView */;
			targetProxy = B3F425AA2A8773D200CFD8FC /* PBXContainerItemProxy */;
		};
/* End PBXTargetDependency section */

/* Begin XCBuildConfiguration section */
		B3F425B02A8773D200CFD8FC /* Debug */ = {
			isa = XCBuildConfiguration;
			buildSettings = {
				ALWAYS_SEARCH_USER_PATHS = NO;
				CLANG_ANALYZER_NONNULL = YES;
				CLANG_ANALYZER_NUMBER_OBJECT_CONVERSION = YES_AGGRESSIVE;
				CLANG_CXX_LANGUAGE_STANDARD = "gnu++20";
				CLANG_ENABLE_MODULES = YES;
				CLANG_ENABLE_OBJC_ARC = YES;
				CLANG_ENABLE_OBJC_WEAK = YES;
				CLANG_WARN_BLOCK_CAPTURE_AUTORELEASING = YES;
				CLANG_WARN_BOOL_CONVERSION = YES;
				CLANG_WARN_COMMA = YES;
				CLANG_WARN_CONSTANT_CONVERSION = YES;
				CLANG_WARN_DEPRECATED_OBJC_IMPLEMENTATIONS = YES;
				CLANG_WARN_DIRECT_OBJC_ISA_USAGE = YES_ERROR;
				CLANG_WARN_DOCUMENTATION_COMMENTS = YES;
				CLANG_WARN_EMPTY_BODY = YES;
				CLANG_WARN_ENUM_CONVERSION = YES;
				CLANG_WARN_INFINITE_RECURSION = YES;
				CLANG_WARN_INT_CONVERSION = YES;
				CLANG_WARN_NON_LITERAL_NULL_CONVERSION = YES;
				CLANG_WARN_OBJC_IMPLICIT_RETAIN_SELF = YES;
				CLANG_WARN_OBJC_LITERAL_CONVERSION = YES;
				CLANG_WARN_OBJC_ROOT_CLASS = YES_ERROR;
				CLANG_WARN_QUOTED_INCLUDE_IN_FRAMEWORK_HEADER = YES;
				CLANG_WARN_RANGE_LOOP_ANALYSIS = YES;
				CLANG_WARN_STRICT_PROTOTYPES = YES;
				CLANG_WARN_SUSPICIOUS_MOVE = YES;
				CLANG_WARN_UNGUARDED_AVAILABILITY = YES_AGGRESSIVE;
				CLANG_WARN_UNREACHABLE_CODE = YES;
				CLANG_WARN__DUPLICATE_METHOD_MATCH = YES;
				COPY_PHASE_STRIP = NO;
				CURRENT_PROJECT_VERSION = 1;
				DEBUG_INFORMATION_FORMAT = dwarf;
				ENABLE_STRICT_OBJC_MSGSEND = YES;
				ENABLE_TESTABILITY = YES;
				GCC_C_LANGUAGE_STANDARD = gnu11;
				GCC_DYNAMIC_NO_PIC = NO;
				GCC_NO_COMMON_BLOCKS = YES;
				GCC_OPTIMIZATION_LEVEL = 0;
				GCC_PREPROCESSOR_DEFINITIONS = (
					"DEBUG=1",
					"$(inherited)",
				);
				GCC_WARN_64_TO_32_BIT_CONVERSION = YES;
				GCC_WARN_ABOUT_RETURN_TYPE = YES_ERROR;
				GCC_WARN_UNDECLARED_SELECTOR = YES;
				GCC_WARN_UNINITIALIZED_AUTOS = YES_AGGRESSIVE;
				GCC_WARN_UNUSED_FUNCTION = YES;
				GCC_WARN_UNUSED_VARIABLE = YES;
				IPHONEOS_DEPLOYMENT_TARGET = 16.4;
				MTL_ENABLE_DEBUG_INFO = INCLUDE_SOURCE;
				MTL_FAST_MATH = YES;
				ONLY_ACTIVE_ARCH = YES;
				SDKROOT = iphoneos;
				SWIFT_ACTIVE_COMPILATION_CONDITIONS = DEBUG;
				SWIFT_OPTIMIZATION_LEVEL = "-Onone";
				VERSIONING_SYSTEM = "apple-generic";
				VERSION_INFO_PREFIX = "";
			};
			name = Debug;
		};
		B3F425B12A8773D200CFD8FC /* Release */ = {
			isa = XCBuildConfiguration;
			buildSettings = {
				ALWAYS_SEARCH_USER_PATHS = NO;
				CLANG_ANALYZER_NONNULL = YES;
				CLANG_ANALYZER_NUMBER_OBJECT_CONVERSION = YES_AGGRESSIVE;
				CLANG_CXX_LANGUAGE_STANDARD = "gnu++20";
				CLANG_ENABLE_MODULES = YES;
				CLANG_ENABLE_OBJC_ARC = YES;
				CLANG_ENABLE_OBJC_WEAK = YES;
				CLANG_WARN_BLOCK_CAPTURE_AUTORELEASING = YES;
				CLANG_WARN_BOOL_CONVERSION = YES;
				CLANG_WARN_COMMA = YES;
				CLANG_WARN_CONSTANT_CONVERSION = YES;
				CLANG_WARN_DEPRECATED_OBJC_IMPLEMENTATIONS = YES;
				CLANG_WARN_DIRECT_OBJC_ISA_USAGE = YES_ERROR;
				CLANG_WARN_DOCUMENTATION_COMMENTS = YES;
				CLANG_WARN_EMPTY_BODY = YES;
				CLANG_WARN_ENUM_CONVERSION = YES;
				CLANG_WARN_INFINITE_RECURSION = YES;
				CLANG_WARN_INT_CONVERSION = YES;
				CLANG_WARN_NON_LITERAL_NULL_CONVERSION = YES;
				CLANG_WARN_OBJC_IMPLICIT_RETAIN_SELF = YES;
				CLANG_WARN_OBJC_LITERAL_CONVERSION = YES;
				CLANG_WARN_OBJC_ROOT_CLASS = YES_ERROR;
				CLANG_WARN_QUOTED_INCLUDE_IN_FRAMEWORK_HEADER = YES;
				CLANG_WARN_RANGE_LOOP_ANALYSIS = YES;
				CLANG_WARN_STRICT_PROTOTYPES = YES;
				CLANG_WARN_SUSPICIOUS_MOVE = YES;
				CLANG_WARN_UNGUARDED_AVAILABILITY = YES_AGGRESSIVE;
				CLANG_WARN_UNREACHABLE_CODE = YES;
				CLANG_WARN__DUPLICATE_METHOD_MATCH = YES;
				COPY_PHASE_STRIP = NO;
				CURRENT_PROJECT_VERSION = 1;
				DEBUG_INFORMATION_FORMAT = "dwarf-with-dsym";
				ENABLE_NS_ASSERTIONS = NO;
				ENABLE_STRICT_OBJC_MSGSEND = YES;
				GCC_C_LANGUAGE_STANDARD = gnu11;
				GCC_NO_COMMON_BLOCKS = YES;
				GCC_WARN_64_TO_32_BIT_CONVERSION = YES;
				GCC_WARN_ABOUT_RETURN_TYPE = YES_ERROR;
				GCC_WARN_UNDECLARED_SELECTOR = YES;
				GCC_WARN_UNINITIALIZED_AUTOS = YES_AGGRESSIVE;
				GCC_WARN_UNUSED_FUNCTION = YES;
				GCC_WARN_UNUSED_VARIABLE = YES;
				IPHONEOS_DEPLOYMENT_TARGET = 16.4;
				MTL_ENABLE_DEBUG_INFO = NO;
				MTL_FAST_MATH = YES;
				SDKROOT = iphoneos;
				SWIFT_COMPILATION_MODE = wholemodule;
				SWIFT_OPTIMIZATION_LEVEL = "-O";
				VALIDATE_PRODUCT = YES;
				VERSIONING_SYSTEM = "apple-generic";
				VERSION_INFO_PREFIX = "";
			};
			name = Release;
		};
		B3F425B32A8773D200CFD8FC /* Debug */ = {
			isa = XCBuildConfiguration;
			buildSettings = {
				CLANG_ENABLE_MODULES = YES;
				CODE_SIGN_STYLE = Automatic;
				CURRENT_PROJECT_VERSION = 1;
				DEFINES_MODULE = YES;
				DEVELOPMENT_TEAM = K7XJG666ZW;
				DYLIB_COMPATIBILITY_VERSION = 1;
				DYLIB_CURRENT_VERSION = 1;
				DYLIB_INSTALL_NAME_BASE = "@rpath";
				ENABLE_MODULE_VERIFIER = YES;
				GENERATE_INFOPLIST_FILE = YES;
				INFOPLIST_KEY_NSHumanReadableCopyright = "";
				INSTALL_PATH = "$(LOCAL_LIBRARY_DIR)/Frameworks";
				LD_RUNPATH_SEARCH_PATHS = (
					"$(inherited)",
					"@executable_path/Frameworks",
					"@loader_path/Frameworks",
				);
				MARKETING_VERSION = 1.0;
				MODULE_VERIFIER_SUPPORTED_LANGUAGES = "objective-c objective-c++";
				MODULE_VERIFIER_SUPPORTED_LANGUAGE_STANDARDS = "gnu11 gnu++20";
				PRODUCT_BUNDLE_IDENTIFIER = com.simform.SSOTPPinView;
				PRODUCT_NAME = "$(TARGET_NAME:c99extidentifier)";
				SKIP_INSTALL = YES;
				SWIFT_EMIT_LOC_STRINGS = YES;
				SWIFT_OPTIMIZATION_LEVEL = "-Onone";
				SWIFT_VERSION = 5.0;
				TARGETED_DEVICE_FAMILY = "1,2";
			};
			name = Debug;
		};
		B3F425B42A8773D200CFD8FC /* Release */ = {
			isa = XCBuildConfiguration;
			buildSettings = {
				CLANG_ENABLE_MODULES = YES;
				CODE_SIGN_STYLE = Automatic;
				CURRENT_PROJECT_VERSION = 1;
				DEFINES_MODULE = YES;
				DEVELOPMENT_TEAM = K7XJG666ZW;
				DYLIB_COMPATIBILITY_VERSION = 1;
				DYLIB_CURRENT_VERSION = 1;
				DYLIB_INSTALL_NAME_BASE = "@rpath";
				ENABLE_MODULE_VERIFIER = YES;
				GENERATE_INFOPLIST_FILE = YES;
				INFOPLIST_KEY_NSHumanReadableCopyright = "";
				INSTALL_PATH = "$(LOCAL_LIBRARY_DIR)/Frameworks";
				LD_RUNPATH_SEARCH_PATHS = (
					"$(inherited)",
					"@executable_path/Frameworks",
					"@loader_path/Frameworks",
				);
				MARKETING_VERSION = 1.0;
				MODULE_VERIFIER_SUPPORTED_LANGUAGES = "objective-c objective-c++";
				MODULE_VERIFIER_SUPPORTED_LANGUAGE_STANDARDS = "gnu11 gnu++20";
				PRODUCT_BUNDLE_IDENTIFIER = com.simform.SSOTPPinView;
				PRODUCT_NAME = "$(TARGET_NAME:c99extidentifier)";
				SKIP_INSTALL = YES;
				SWIFT_EMIT_LOC_STRINGS = YES;
				SWIFT_VERSION = 5.0;
				TARGETED_DEVICE_FAMILY = "1,2";
			};
			name = Release;
		};
		B3F425B62A8773D200CFD8FC /* Debug */ = {
			isa = XCBuildConfiguration;
			buildSettings = {
				ALWAYS_EMBED_SWIFT_STANDARD_LIBRARIES = YES;
				CODE_SIGN_STYLE = Automatic;
				CURRENT_PROJECT_VERSION = 1;
				DEVELOPMENT_TEAM = K7XJG666ZW;
				GENERATE_INFOPLIST_FILE = YES;
				MARKETING_VERSION = 1.0;
				PRODUCT_BUNDLE_IDENTIFIER = com.simform.SSOTPPinViewTests;
				PRODUCT_NAME = "$(TARGET_NAME)";
				SWIFT_EMIT_LOC_STRINGS = NO;
				SWIFT_VERSION = 5.0;
				TARGETED_DEVICE_FAMILY = "1,2";
			};
			name = Debug;
		};
		B3F425B72A8773D200CFD8FC /* Release */ = {
			isa = XCBuildConfiguration;
			buildSettings = {
				ALWAYS_EMBED_SWIFT_STANDARD_LIBRARIES = YES;
				CODE_SIGN_STYLE = Automatic;
				CURRENT_PROJECT_VERSION = 1;
				DEVELOPMENT_TEAM = K7XJG666ZW;
				GENERATE_INFOPLIST_FILE = YES;
				MARKETING_VERSION = 1.0;
				PRODUCT_BUNDLE_IDENTIFIER = com.simform.SSOTPPinViewTests;
				PRODUCT_NAME = "$(TARGET_NAME)";
				SWIFT_EMIT_LOC_STRINGS = NO;
				SWIFT_VERSION = 5.0;
				TARGETED_DEVICE_FAMILY = "1,2";
			};
			name = Release;
		};
		B3F425C82A87747500CFD8FC /* Debug */ = {
			isa = XCBuildConfiguration;
			buildSettings = {
				ASSETCATALOG_COMPILER_APPICON_NAME = AppIcon;
				ASSETCATALOG_COMPILER_GLOBAL_ACCENT_COLOR_NAME = AccentColor;
				CODE_SIGN_STYLE = Automatic;
				CURRENT_PROJECT_VERSION = 1;
				DEVELOPMENT_ASSET_PATHS = "\"Example/Preview Content\"";
				DEVELOPMENT_TEAM = K7XJG666ZW;
				ENABLE_PREVIEWS = YES;
				GENERATE_INFOPLIST_FILE = YES;
				INFOPLIST_KEY_UIApplicationSceneManifest_Generation = YES;
				INFOPLIST_KEY_UIApplicationSupportsIndirectInputEvents = YES;
				INFOPLIST_KEY_UILaunchScreen_Generation = YES;
				INFOPLIST_KEY_UISupportedInterfaceOrientations_iPad = "UIInterfaceOrientationPortrait UIInterfaceOrientationPortraitUpsideDown UIInterfaceOrientationLandscapeLeft UIInterfaceOrientationLandscapeRight";
				INFOPLIST_KEY_UISupportedInterfaceOrientations_iPhone = "UIInterfaceOrientationPortrait UIInterfaceOrientationLandscapeLeft UIInterfaceOrientationLandscapeRight";
				LD_RUNPATH_SEARCH_PATHS = (
					"$(inherited)",
					"@executable_path/Frameworks",
				);
				MARKETING_VERSION = 1.0;
				PRODUCT_BUNDLE_IDENTIFIER = com.simform.Example;
				PRODUCT_NAME = "$(TARGET_NAME)";
				SWIFT_EMIT_LOC_STRINGS = YES;
				SWIFT_VERSION = 5.0;
				TARGETED_DEVICE_FAMILY = "1,2";
			};
			name = Debug;
		};
		B3F425C92A87747500CFD8FC /* Release */ = {
			isa = XCBuildConfiguration;
			buildSettings = {
				ASSETCATALOG_COMPILER_APPICON_NAME = AppIcon;
				ASSETCATALOG_COMPILER_GLOBAL_ACCENT_COLOR_NAME = AccentColor;
				CODE_SIGN_STYLE = Automatic;
				CURRENT_PROJECT_VERSION = 1;
				DEVELOPMENT_ASSET_PATHS = "\"Example/Preview Content\"";
				DEVELOPMENT_TEAM = K7XJG666ZW;
				ENABLE_PREVIEWS = YES;
				GENERATE_INFOPLIST_FILE = YES;
				INFOPLIST_KEY_UIApplicationSceneManifest_Generation = YES;
				INFOPLIST_KEY_UIApplicationSupportsIndirectInputEvents = YES;
				INFOPLIST_KEY_UILaunchScreen_Generation = YES;
				INFOPLIST_KEY_UISupportedInterfaceOrientations_iPad = "UIInterfaceOrientationPortrait UIInterfaceOrientationPortraitUpsideDown UIInterfaceOrientationLandscapeLeft UIInterfaceOrientationLandscapeRight";
				INFOPLIST_KEY_UISupportedInterfaceOrientations_iPhone = "UIInterfaceOrientationPortrait UIInterfaceOrientationLandscapeLeft UIInterfaceOrientationLandscapeRight";
				LD_RUNPATH_SEARCH_PATHS = (
					"$(inherited)",
					"@executable_path/Frameworks",
				);
				MARKETING_VERSION = 1.0;
				PRODUCT_BUNDLE_IDENTIFIER = com.simform.Example;
				PRODUCT_NAME = "$(TARGET_NAME)";
				SWIFT_EMIT_LOC_STRINGS = YES;
				SWIFT_VERSION = 5.0;
				TARGETED_DEVICE_FAMILY = "1,2";
			};
			name = Release;
		};
/* End XCBuildConfiguration section */

/* Begin XCConfigurationList section */
		B3F425982A8773D200CFD8FC /* Build configuration list for PBXProject "SSOTPPinView" */ = {
			isa = XCConfigurationList;
			buildConfigurations = (
				B3F425B02A8773D200CFD8FC /* Debug */,
				B3F425B12A8773D200CFD8FC /* Release */,
			);
			defaultConfigurationIsVisible = 0;
			defaultConfigurationName = Release;
		};
		B3F425B22A8773D200CFD8FC /* Build configuration list for PBXNativeTarget "SSOTPPinView" */ = {
			isa = XCConfigurationList;
			buildConfigurations = (
				B3F425B32A8773D200CFD8FC /* Debug */,
				B3F425B42A8773D200CFD8FC /* Release */,
			);
			defaultConfigurationIsVisible = 0;
			defaultConfigurationName = Release;
		};
		B3F425B52A8773D200CFD8FC /* Build configuration list for PBXNativeTarget "SSOTPPinViewTests" */ = {
			isa = XCConfigurationList;
			buildConfigurations = (
				B3F425B62A8773D200CFD8FC /* Debug */,
				B3F425B72A8773D200CFD8FC /* Release */,
			);
			defaultConfigurationIsVisible = 0;
			defaultConfigurationName = Release;
		};
		B3F425C72A87747500CFD8FC /* Build configuration list for PBXNativeTarget "Example" */ = {
			isa = XCConfigurationList;
			buildConfigurations = (
				B3F425C82A87747500CFD8FC /* Debug */,
				B3F425C92A87747500CFD8FC /* Release */,
			);
			defaultConfigurationIsVisible = 0;
			defaultConfigurationName = Release;
		};
/* End XCConfigurationList section */
	};
	rootObject = B3F425952A8773D200CFD8FC /* Project object */;
}
